
Microsoft Visual Studio Solution File, Format Version 12.00
# Visual Studio Version 17
VisualStudioVersion = 17.0.32126.317
MinimumVisualStudioVersion = 10.0.40219.1
Project("{FAE04EC0-301F-11D3-BF4B-00C04F79EFBC}") = "WpfApp_BD", "WpfApp_BD\WpfApp_BD.csproj", "{D2CB1165-4F44-4E7E-B258-E8CB837AF425}"
EndProject
Global
	GlobalSection(SolutionConfigurationPlatforms) = preSolution
		Debug|Any CPU = Debug|Any CPU
		Release|Any CPU = Release|Any CPU
	EndGlobalSection
	GlobalSection(ProjectConfigurationPlatforms) = postSolution
		{D2CB1165-4F44-4E7E-B258-E8CB837AF425}.Debug|Any CPU.ActiveCfg = Debug|Any CPU
		{D2CB1165-4F44-4E7E-B258-E8CB837AF425}.Debug|Any CPU.Build.0 = Debug|Any CPU
		{D2CB1165-4F44-4E7E-B258-E8CB837AF425}.Release|Any CPU.ActiveCfg = Release|Any CPU
		{D2CB1165-4F44-4E7E-B258-E8CB837AF425}.Release|Any CPU.Build.0 = Release|Any CPU
	EndGlobalSection
	GlobalSection(SolutionProperties) = preSolution
		HideSolutionNode = FALSE
	EndGlobalSection
	GlobalSection(ExtensibilityGlobals) = postSolution
		SolutionGuid = {2D7E9511-2501-497A-B10D-7A73EF992295}
	EndGlobalSection
EndGlobal
